# This file is automatically @generated by Cargo.
# It is not intended for manual editing.
version = 3

[[package]]
name = "fallible-iterator"
version = "0.2.0"
source = "registry+https://github.com/rust-lang/crates.io-index"
checksum = "4443176a9f2c162692bd3d352d745ef9413eec5782a80d8fd6f8a1ac692a07f7"

[[package]]
name = "getopts"
version = "0.2.21"
source = "registry+https://github.com/rust-lang/crates.io-index"
checksum = "14dbbfd5c71d70241ecf9e6f13737f7b5ce823821063188d7e46c41d371eebd5"
dependencies = [
 "unicode-width",
]

[[package]]
name = "itoa"
version = "1.0.6"
source = "registry+https://github.com/rust-lang/crates.io-index"
checksum = "453ad9f582a441959e5f0d088b02ce04cfe8d51a8eaf077f12ac6d3e94164ca6"

[[package]]
name = "pdb"
version = "0.8.0"
dependencies = [
 "fallible-iterator",
 "getopts",
 "scroll",
 "serde",
 "serde_json",
 "uuid",
]

[[package]]
name = "proc-macro2"
version = "1.0.57"
source = "registry+https://github.com/rust-lang/crates.io-index"
checksum = "c4ec6d5fe0b140acb27c9a0444118cf55bfbb4e0b259739429abb4521dd67c16"
dependencies = [
 "unicode-ident",
]

[[package]]
name = "quote"
version = "1.0.26"
source = "registry+https://github.com/rust-lang/crates.io-index"
checksum = "4424af4bf778aae2051a77b60283332f386554255d722233d09fbfc7e30da2fc"
dependencies = [
 "proc-macro2",
]

[[package]]
name = "ryu"
version = "1.0.13"
source = "registry+https://github.com/rust-lang/crates.io-index"
checksum = "f91339c0467de62360649f8d3e185ca8de4224ff281f66000de5eb2a77a79041"

[[package]]
name = "scroll"
version = "0.11.0"
source = "registry+https://github.com/rust-lang/crates.io-index"
checksum = "04c565b551bafbef4157586fa379538366e4385d42082f255bfd96e4fe8519da"

[[package]]
name = "serde"
version = "1.0.156"
source = "registry+https://github.com/rust-lang/crates.io-index"
checksum = "314b5b092c0ade17c00142951e50ced110ec27cea304b1037c6969246c2469a4"
dependencies = [
 "serde_derive",
]

[[package]]
name = "serde_derive"
version = "1.0.156"
source = "registry+https://github.com/rust-lang/crates.io-index"
checksum = "d7e29c4601e36bcec74a223228dce795f4cd3616341a4af93520ca1a837c087d"
dependencies = [
 "proc-macro2",
 "quote",
 "syn",
]

[[package]]
name = "serde_json"
version = "1.0.94"
source = "registry+https://github.com/rust-lang/crates.io-index"
checksum = "1c533a59c9d8a93a09c6ab31f0fd5e5f4dd1b8fc9434804029839884765d04ea"
dependencies = [
 "itoa",
 "ryu",
 "serde",
]

[[package]]
name = "syn"
version = "1.0.109"
source = "registry+https://github.com/rust-lang/crates.io-index"
checksum = "72b64191b275b66ffe2469e8af2c1cfe3bafa67b529ead792a6d0160888b4237"
dependencies = [
 "proc-macro2",
 "quote",
 "unicode-ident",
]

[[package]]
name = "unicode-ident"
version = "1.0.8"
source = "registry+https://github.com/rust-lang/crates.io-index"
checksum = "e5464a87b239f13a63a501f2701565754bae92d243d4bb7eb12f6d57d2269bf4"

[[package]]
name = "unicode-width"
version = "0.1.5"
source = "registry+https://github.com/rust-lang/crates.io-index"
checksum = "882386231c45df4700b275c7ff55b6f3698780a650026380e72dabe76fa46526"

[[package]]
name = "uuid"
version = "1.0.0"
source = "registry+https://github.com/rust-lang/crates.io-index"
checksum = "8cfcd319456c4d6ea10087ed423473267e1a071f3bc0aa89f80d60997843c6f0"
